
Microsoft Visual Studio Solution File, Format Version 10.00
# Visual C# Express 2008
Project("{FAE04EC0-301F-11D3-BF4B-00C04F79EFBC}") = "COG Model", "COG Model\COG Model.csproj", "{17FD01C1-780F-4531-A5D9-80ECBBD126E0}"
EndProject
Project("{FAE04EC0-301F-11D3-BF4B-00C04F79EFBC}") = "Clockwork", "COG\Clockwork.csproj", "{BAE0AE46-97E4-4B20-9AF8-78541A0C19D6}"
EndProject
Project("{FAE04EC0-301F-11D3-BF4B-00C04F79EFBC}") = "UtilityClasses", "UtilityClasses\UtilityClasses.csproj", "{9F3DDDA3-9057-4A9D-8EC0-1CC90A3D061C}"
EndProject
Global
	GlobalSection(SolutionConfigurationPlatforms) = preSolution
		Debug|Any CPU = Debug|Any CPU
		Release|Any CPU = Release|Any CPU
	EndGlobalSection
	GlobalSection(ProjectConfigurationPlatforms) = postSolution
		{17FD01C1-780F-4531-A5D9-80ECBBD126E0}.Debug|Any CPU.ActiveCfg = Debug|Any CPU
		{17FD01C1-780F-4531-A5D9-80ECBBD126E0}.Debug|Any CPU.Build.0 = Debug|Any CPU
		{17FD01C1-780F-4531-A5D9-80ECBBD126E0}.Release|Any CPU.ActiveCfg = Release|Any CPU
		{17FD01C1-780F-4531-A5D9-80ECBBD126E0}.Release|Any CPU.Build.0 = Release|Any CPU
		{BAE0AE46-97E4-4B20-9AF8-78541A0C19D6}.Debug|Any CPU.ActiveCfg = Debug|Any CPU
		{BAE0AE46-97E4-4B20-9AF8-78541A0C19D6}.Debug|Any CPU.Build.0 = Debug|Any CPU
		{BAE0AE46-97E4-4B20-9AF8-78541A0C19D6}.Release|Any CPU.ActiveCfg = Release|Any CPU
		{BAE0AE46-97E4-4B20-9AF8-78541A0C19D6}.Release|Any CPU.Build.0 = Release|Any CPU
		{9F3DDDA3-9057-4A9D-8EC0-1CC90A3D061C}.Debug|Any CPU.ActiveCfg = Debug|Any CPU
		{9F3DDDA3-9057-4A9D-8EC0-1CC90A3D061C}.Debug|Any CPU.Build.0 = Debug|Any CPU
		{9F3DDDA3-9057-4A9D-8EC0-1CC90A3D061C}.Release|Any CPU.ActiveCfg = Release|Any CPU
		{9F3DDDA3-9057-4A9D-8EC0-1CC90A3D061C}.Release|Any CPU.Build.0 = Release|Any CPU
	EndGlobalSection
	GlobalSection(SolutionProperties) = preSolution
		HideSolutionNode = FALSE
	EndGlobalSection
EndGlobal
